
Microsoft Visual Studio Solution File, Format Version 12.00
# Visual Studio Version 17
VisualStudioVersion = 17.10.35013.160
MinimumVisualStudioVersion = 10.0.40219.1
Project("{FAE04EC0-301F-11D3-BF4B-00C04F79EFBC}") = "MVC Code-first 17-9", "MVC Code-first 17-9\MVC Code-first 17-9.csproj", "{95D55603-033E-414B-930E-D65377413D3B}"
EndProject
Global
	GlobalSection(SolutionConfigurationPlatforms) = preSolution
		Debug|Any CPU = Debug|Any CPU
		Release|Any CPU = Release|Any CPU
	EndGlobalSection
	GlobalSection(ProjectConfigurationPlatforms) = postSolution
		{95D55603-033E-414B-930E-D65377413D3B}.Debug|Any CPU.ActiveCfg = Debug|Any CPU
		{95D55603-033E-414B-930E-D65377413D3B}.Debug|Any CPU.Build.0 = Debug|Any CPU
		{95D55603-033E-414B-930E-D65377413D3B}.Release|Any CPU.ActiveCfg = Release|Any CPU
		{95D55603-033E-414B-930E-D65377413D3B}.Release|Any CPU.Build.0 = Release|Any CPU
	EndGlobalSection
	GlobalSection(SolutionProperties) = preSolution
		HideSolutionNode = FALSE
	EndGlobalSection
	GlobalSection(ExtensibilityGlobals) = postSolution
		SolutionGuid = {BD764D82-2ABA-4017-B7D7-1E42BAC222F8}
	EndGlobalSection
EndGlobal
