
Microsoft Visual Studio Solution File, Format Version 12.00
# Visual Studio Version 17
VisualStudioVersion = 17.10.35013.160
MinimumVisualStudioVersion = 10.0.40219.1
Project("{FAE04EC0-301F-11D3-BF4B-00C04F79EFBC}") = "day 3", "day 3\day 3.csproj", "{796D0C5E-2684-4A68-B7D4-A86451582054}"
EndProject
Global
	GlobalSection(SolutionConfigurationPlatforms) = preSolution
		Debug|Any CPU = Debug|Any CPU
		Release|Any CPU = Release|Any CPU
	EndGlobalSection
	GlobalSection(ProjectConfigurationPlatforms) = postSolution
		{796D0C5E-2684-4A68-B7D4-A86451582054}.Debug|Any CPU.ActiveCfg = Debug|Any CPU
		{796D0C5E-2684-4A68-B7D4-A86451582054}.Debug|Any CPU.Build.0 = Debug|Any CPU
		{796D0C5E-2684-4A68-B7D4-A86451582054}.Release|Any CPU.ActiveCfg = Release|Any CPU
		{796D0C5E-2684-4A68-B7D4-A86451582054}.Release|Any CPU.Build.0 = Release|Any CPU
	EndGlobalSection
	GlobalSection(SolutionProperties) = preSolution
		HideSolutionNode = FALSE
	EndGlobalSection
	GlobalSection(ExtensibilityGlobals) = postSolution
		SolutionGuid = {845B8765-842C-4812-A7D0-DF748362693F}
	EndGlobalSection
EndGlobal
